Microsoft Visual Studio Solution File, Format Version 12.00
# Visual Studio 2012
Project("{8BC9CEB8-8B4A-11D0-8D11-00A0C91BC942}") = "altkey", "altkey\altkey.vcxproj", "{4521E166-934F-453E-AF5A-6F202AFC64AE}"
EndProject
Project("{2150E333-8FDC-42A3-9474-1A3956D46DE8}") = "Solution Items", "Solution Items", "{3B26843D-6DE1-4F51-884D-51BE9565DEC7}"
	ProjectSection(SolutionItems) = preProject
		README.md = README.md
	EndProjectSection
EndProject
Project("{2150E333-8FDC-42A3-9474-1A3956D46DE8}") = "public", "public", "{6722ABE6-8F21-48CE-9BD0-248ECCEF3027}"
	ProjectSection(SolutionItems) = preProject
		public\02ED0EB28C14DA45165C566791700D6451D7FB56F0B2AB1D3B8EB070E56EDFF5.crt = public\02ED0EB28C14DA45165C566791700D6451D7FB56F0B2AB1D3B8EB070E56EDFF5.crt
		public\15D5B8774619EA7D54CE1CA6D0B0C403E037A917F131E8A04E1E6B7A71BABCE5.crt = public\15D5B8774619EA7D54CE1CA6D0B0C403E037A917F131E8A04E1E6B7A71BABCE5.crt
		public\1793927A0614549789ADCE2F8F34F7F0B66D0F3AE3A3B84D21EC15DBBA4FADC7.crt = public\1793927A0614549789ADCE2F8F34F7F0B66D0F3AE3A3B84D21EC15DBBA4FADC7.crt
		public\179FBC148A3DD00FD24EA13458CC43BFA7F59C8182D783A513F6EBEC100C8924.crt = public\179FBC148A3DD00FD24EA13458CC43BFA7F59C8182D783A513F6EBEC100C8924.crt
		public\18CE6CFE7BF14E60B2E347B8DFE868CB31D02EBB3ADA271569F50343B46DB3A4.crt = public\18CE6CFE7BF14E60B2E347B8DFE868CB31D02EBB3ADA271569F50343B46DB3A4.crt
		public\2193CFEA381211A1AEAA2DE984E630643A87160B1208118145EAFB8E1BC69958.crt = public\2193CFEA381211A1AEAA2DE984E630643A87160B1208118145EAFB8E1BC69958.crt
		public\22A2C1F7BDED704CC1E701B5F408C310880FE956B5DE2A4A44F99C873A25A7C8.crt = public\22A2C1F7BDED704CC1E701B5F408C310880FE956B5DE2A4A44F99C873A25A7C8.crt
		public\31AD6648F8104138C738F39EA4320133393E3A18CC02296EF97C2AC9EF6731D0.crt = public\31AD6648F8104138C738F39EA4320133393E3A18CC02296EF97C2AC9EF6731D0.crt
		public\3417BB06CC6007DA1B961C920B8AB4CE3FAD820E4AA30B9ACBC4A74EBDCEBC65.crt = public\3417BB06CC6007DA1B961C920B8AB4CE3FAD820E4AA30B9ACBC4A74EBDCEBC65.crt
		public\363F3C849EAB03B0A2A0F636D7B86D04D3AC7FCFE26A0A9121AB9795F6E176DF.crt = public\363F3C849EAB03B0A2A0F636D7B86D04D3AC7FCFE26A0A9121AB9795F6E176DF.crt
		public\3FD4BE8BAAD2F26E1BDE06C7584BB720DD1A972D111F5A4999BC44B08FB4960D.crt = public\3FD4BE8BAAD2F26E1BDE06C7584BB720DD1A972D111F5A4999BC44B08FB4960D.crt
		public\44B545AA8A25E65A73CA15DC27FC36D24C1CB9953A066539B11582DC487B4833.crt = public\44B545AA8A25E65A73CA15DC27FC36D24C1CB9953A066539B11582DC487B4833.crt
		public\4FF460D54B9C86DABFBCFC5712E0400D2BED3FBC4D4FBDAA86E06ADCD2A9AD7A.crt = public\4FF460D54B9C86DABFBCFC5712E0400D2BED3FBC4D4FBDAA86E06ADCD2A9AD7A.crt
		public\53DFDFA4E297FCFE07594E8C62D5B8AB06B32C7549F38A163094FD6429D5DA43.crt = public\53DFDFA4E297FCFE07594E8C62D5B8AB06B32C7549F38A163094FD6429D5DA43.crt
		public\55903859C8C0C3EBB8759ECE4E2557225FF5758BBD38EBD48276601E1BD58097.crt = public\55903859C8C0C3EBB8759ECE4E2557225FF5758BBD38EBD48276601E1BD58097.crt
		public\5EDB7AC43B82A06A8761E8D7BE4979EBF2611F7DD79BF91C1C6B566A219ED766.crt = public\5EDB7AC43B82A06A8761E8D7BE4979EBF2611F7DD79BF91C1C6B566A219ED766.crt
		public\69DDD7EA90BB57C93E135DC85EA6FCD5480B603239BDC454FC758B2A26CF7F79.crt = public\69DDD7EA90BB57C93E135DC85EA6FCD5480B603239BDC454FC758B2A26CF7F79.crt
		public\6AEA30BC02CA85AFCFEC2F65F60881893C926925FD0704BD8ADA3F0F6EDDB699.crt = public\6AEA30BC02CA85AFCFEC2F65F60881893C926925FD0704BD8ADA3F0F6EDDB699.crt
		public\6CC05041E6445E74696C4CFBC9F80F543B7EABBB44B4CE6F787C6A9971C42F17.crt = public\6CC05041E6445E74696C4CFBC9F80F543B7EABBB44B4CE6F787C6A9971C42F17.crt
		public\71CCA5391F9E794B04802530B363E121DA8A3043BB26662FEA4DCA7FC951A4BD.crt = public\71CCA5391F9E794B04802530B363E121DA8A3043BB26662FEA4DCA7FC951A4BD.crt
		public\7E37CB8B4C47090CAB36551BA6F45DB840680FBA166A952DB100717F43053FC2.crt = public\7E37CB8B4C47090CAB36551BA6F45DB840680FBA166A952DB100717F43053FC2.crt
		public\8560F91C3624DABA9570B5FEA0DBE36FF11A8323BE9486854FB3F34A5571198D.crt = public\8560F91C3624DABA9570B5FEA0DBE36FF11A8323BE9486854FB3F34A5571198D.crt
		public\86A1ECBA089C4A8D3BBE2734C612BA341D813E043CF9E8A862CD5C57A36BBE6B.crt = public\86A1ECBA089C4A8D3BBE2734C612BA341D813E043CF9E8A862CD5C57A36BBE6B.crt
		public\8B45DA1C06F791EB0CABF26BE588F5FB23165C2E614BF885562D0DCE50B29B02.crt = public\8B45DA1C06F791EB0CABF26BE588F5FB23165C2E614BF885562D0DCE50B29B02.crt
		public\945BBC825EA554F489D1FD51A73DDF2EA624AC7019A05205225C22A78CCFA8B4.crt = public\945BBC825EA554F489D1FD51A73DDF2EA624AC7019A05205225C22A78CCFA8B4.crt
		public\A4310D50AF18A6447190372A86AFAF8B951FFB431D837F1E5688B45971ED1557.crt = public\A4310D50AF18A6447190372A86AFAF8B951FFB431D837F1E5688B45971ED1557.crt
		public\B7C36231706E81078C367CB896198F1E3208DD926949DD8F5709A410F75B6292.crt = public\B7C36231706E81078C367CB896198F1E3208DD926949DD8F5709A410F75B6292.crt
		public\BC4D809B15189D78DB3E1D8CF4F9726A795DA1643CA5F1358E1DDB0EDC0D7EB3.crt = public\BC4D809B15189D78DB3E1D8CF4F9726A795DA1643CA5F1358E1DDB0EDC0D7EB3.crt
		public\BD71FDF6DA97E4CF62D1647ADD2581B07D79ADF8397EB4ECBA9C5E8488821423.crt = public\BD71FDF6DA97E4CF62D1647ADD2581B07D79ADF8397EB4ECBA9C5E8488821423.crt
		public\BEC94911C2955676DB6C0A550986D76E3BA005667C442C9762B4FBB773DE228C.crt = public\BEC94911C2955676DB6C0A550986D76E3BA005667C442C9762B4FBB773DE228C.crt
		public\CACA93B9D23D2B6FA76E8B8471931E0DF3EC6F63AF3CDBB936C41954A1872326.crt = public\CACA93B9D23D2B6FA76E8B8471931E0DF3EC6F63AF3CDBB936C41954A1872326.crt
		public\E35D28419ED02025CFA69038CD623962458DA5C695FBDEA3C22B0BFB25897092.crt = public\E35D28419ED02025CFA69038CD623962458DA5C695FBDEA3C22B0BFB25897092.crt
		public\E74FBDA55BD564C473A36B441AA799C8A68E077440E8288B9FA1E50E4BBACA11.crt = public\E74FBDA55BD564C473A36B441AA799C8A68E077440E8288B9FA1E50E4BBACA11.crt
		public\FE863D0822FE7A2353FA484D5924E875656D3DC9FB58771F6F616F9D571BC592.crt = public\FE863D0822FE7A2353FA484D5924E875656D3DC9FB58771F6F616F9D571BC592.crt
		public\FEA1884AB3AEA6D0DBEDBE4B9CD9FEC8655116300A86A856488FC488BB4B44D2.crt = public\FEA1884AB3AEA6D0DBEDBE4B9CD9FEC8655116300A86A856488FC488BB4B44D2.crt
	EndProjectSection
EndProject
Project("{2150E333-8FDC-42A3-9474-1A3956D46DE8}") = "private", "private", "{35A27A55-9C88-47BE-AE03-153246EDB4D1}"
	ProjectSection(SolutionItems) = preProject
		private\02ED0EB28C14DA45165C566791700D6451D7FB56F0B2AB1D3B8EB070E56EDFF5.key = private\02ED0EB28C14DA45165C566791700D6451D7FB56F0B2AB1D3B8EB070E56EDFF5.key
		private\15D5B8774619EA7D54CE1CA6D0B0C403E037A917F131E8A04E1E6B7A71BABCE5.key = private\15D5B8774619EA7D54CE1CA6D0B0C403E037A917F131E8A04E1E6B7A71BABCE5.key
		private\1793927A0614549789ADCE2F8F34F7F0B66D0F3AE3A3B84D21EC15DBBA4FADC7.key = private\1793927A0614549789ADCE2F8F34F7F0B66D0F3AE3A3B84D21EC15DBBA4FADC7.key
		private\179FBC148A3DD00FD24EA13458CC43BFA7F59C8182D783A513F6EBEC100C8924.key = private\179FBC148A3DD00FD24EA13458CC43BFA7F59C8182D783A513F6EBEC100C8924.key
		private\18CE6CFE7BF14E60B2E347B8DFE868CB31D02EBB3ADA271569F50343B46DB3A4.key = private\18CE6CFE7BF14E60B2E347B8DFE868CB31D02EBB3ADA271569F50343B46DB3A4.key
		private\2193CFEA381211A1AEAA2DE984E630643A87160B1208118145EAFB8E1BC69958.key = private\2193CFEA381211A1AEAA2DE984E630643A87160B1208118145EAFB8E1BC69958.key
		private\22A2C1F7BDED704CC1E701B5F408C310880FE956B5DE2A4A44F99C873A25A7C8.key = private\22A2C1F7BDED704CC1E701B5F408C310880FE956B5DE2A4A44F99C873A25A7C8.key
		private\31AD6648F8104138C738F39EA4320133393E3A18CC02296EF97C2AC9EF6731D0.key = private\31AD6648F8104138C738F39EA4320133393E3A18CC02296EF97C2AC9EF6731D0.key
		private\3417BB06CC6007DA1B961C920B8AB4CE3FAD820E4AA30B9ACBC4A74EBDCEBC65.key = private\3417BB06CC6007DA1B961C920B8AB4CE3FAD820E4AA30B9ACBC4A74EBDCEBC65.key
		private\363F3C849EAB03B0A2A0F636D7B86D04D3AC7FCFE26A0A9121AB9795F6E176DF.key = private\363F3C849EAB03B0A2A0F636D7B86D04D3AC7FCFE26A0A9121AB9795F6E176DF.key
		private\3FD4BE8BAAD2F26E1BDE06C7584BB720DD1A972D111F5A4999BC44B08FB4960D.key = private\3FD4BE8BAAD2F26E1BDE06C7584BB720DD1A972D111F5A4999BC44B08FB4960D.key
		private\44B545AA8A25E65A73CA15DC27FC36D24C1CB9953A066539B11582DC487B4833.key = private\44B545AA8A25E65A73CA15DC27FC36D24C1CB9953A066539B11582DC487B4833.key
		private\4FF460D54B9C86DABFBCFC5712E0400D2BED3FBC4D4FBDAA86E06ADCD2A9AD7A.key = private\4FF460D54B9C86DABFBCFC5712E0400D2BED3FBC4D4FBDAA86E06ADCD2A9AD7A.key
		private\53DFDFA4E297FCFE07594E8C62D5B8AB06B32C7549F38A163094FD6429D5DA43.key = private\53DFDFA4E297FCFE07594E8C62D5B8AB06B32C7549F38A163094FD6429D5DA43.key
		private\55903859C8C0C3EBB8759ECE4E2557225FF5758BBD38EBD48276601E1BD58097.key = private\55903859C8C0C3EBB8759ECE4E2557225FF5758BBD38EBD48276601E1BD58097.key
		private\5EDB7AC43B82A06A8761E8D7BE4979EBF2611F7DD79BF91C1C6B566A219ED766.key = private\5EDB7AC43B82A06A8761E8D7BE4979EBF2611F7DD79BF91C1C6B566A219ED766.key
		private\69DDD7EA90BB57C93E135DC85EA6FCD5480B603239BDC454FC758B2A26CF7F79.key = private\69DDD7EA90BB57C93E135DC85EA6FCD5480B603239BDC454FC758B2A26CF7F79.key
		private\6AEA30BC02CA85AFCFEC2F65F60881893C926925FD0704BD8ADA3F0F6EDDB699.key = private\6AEA30BC02CA85AFCFEC2F65F60881893C926925FD0704BD8ADA3F0F6EDDB699.key
		private\6CC05041E6445E74696C4CFBC9F80F543B7EABBB44B4CE6F787C6A9971C42F17.key = private\6CC05041E6445E74696C4CFBC9F80F543B7EABBB44B4CE6F787C6A9971C42F17.key
		private\71CCA5391F9E794B04802530B363E121DA8A3043BB26662FEA4DCA7FC951A4BD.key = private\71CCA5391F9E794B04802530B363E121DA8A3043BB26662FEA4DCA7FC951A4BD.key
		private\7E37CB8B4C47090CAB36551BA6F45DB840680FBA166A952DB100717F43053FC2.key = private\7E37CB8B4C47090CAB36551BA6F45DB840680FBA166A952DB100717F43053FC2.key
		private\8560F91C3624DABA9570B5FEA0DBE36FF11A8323BE9486854FB3F34A5571198D.key = private\8560F91C3624DABA9570B5FEA0DBE36FF11A8323BE9486854FB3F34A5571198D.key
		private\86A1ECBA089C4A8D3BBE2734C612BA341D813E043CF9E8A862CD5C57A36BBE6B.key = private\86A1ECBA089C4A8D3BBE2734C612BA341D813E043CF9E8A862CD5C57A36BBE6B.key
		private\8B45DA1C06F791EB0CABF26BE588F5FB23165C2E614BF885562D0DCE50B29B02.key = private\8B45DA1C06F791EB0CABF26BE588F5FB23165C2E614BF885562D0DCE50B29B02.key
		private\945BBC825EA554F489D1FD51A73DDF2EA624AC7019A05205225C22A78CCFA8B4.key = private\945BBC825EA554F489D1FD51A73DDF2EA624AC7019A05205225C22A78CCFA8B4.key
		private\A4310D50AF18A6447190372A86AFAF8B951FFB431D837F1E5688B45971ED1557.key = private\A4310D50AF18A6447190372A86AFAF8B951FFB431D837F1E5688B45971ED1557.key
		private\B7C36231706E81078C367CB896198F1E3208DD926949DD8F5709A410F75B6292.key = private\B7C36231706E81078C367CB896198F1E3208DD926949DD8F5709A410F75B6292.key
		private\BC4D809B15189D78DB3E1D8CF4F9726A795DA1643CA5F1358E1DDB0EDC0D7EB3.key = private\BC4D809B15189D78DB3E1D8CF4F9726A795DA1643CA5F1358E1DDB0EDC0D7EB3.key
		private\BD71FDF6DA97E4CF62D1647ADD2581B07D79ADF8397EB4ECBA9C5E8488821423.key = private\BD71FDF6DA97E4CF62D1647ADD2581B07D79ADF8397EB4ECBA9C5E8488821423.key
		private\BEC94911C2955676DB6C0A550986D76E3BA005667C442C9762B4FBB773DE228C.key = private\BEC94911C2955676DB6C0A550986D76E3BA005667C442C9762B4FBB773DE228C.key
		private\CACA93B9D23D2B6FA76E8B8471931E0DF3EC6F63AF3CDBB936C41954A1872326.key = private\CACA93B9D23D2B6FA76E8B8471931E0DF3EC6F63AF3CDBB936C41954A1872326.key
		private\E35D28419ED02025CFA69038CD623962458DA5C695FBDEA3C22B0BFB25897092.key = private\E35D28419ED02025CFA69038CD623962458DA5C695FBDEA3C22B0BFB25897092.key
		private\E74FBDA55BD564C473A36B441AA799C8A68E077440E8288B9FA1E50E4BBACA11.key = private\E74FBDA55BD564C473A36B441AA799C8A68E077440E8288B9FA1E50E4BBACA11.key
		private\FE863D0822FE7A2353FA484D5924E875656D3DC9FB58771F6F616F9D571BC592.key = private\FE863D0822FE7A2353FA484D5924E875656D3DC9FB58771F6F616F9D571BC592.key
		private\FEA1884AB3AEA6D0DBEDBE4B9CD9FEC8655116300A86A856488FC488BB4B44D2.key = private\FEA1884AB3AEA6D0DBEDBE4B9CD9FEC8655116300A86A856488FC488BB4B44D2.key
	EndProjectSection
EndProject
Global
	GlobalSection(SubversionScc) = preSolution
		Svn-Managed = True
		Manager = AnkhSVN - Subversion Support for Visual Studio
	EndGlobalSection
	GlobalSection(SolutionConfigurationPlatforms) = preSolution
		Release|Win32 = Release|Win32
	EndGlobalSection
	GlobalSection(ProjectConfigurationPlatforms) = postSolution
		{4521E166-934F-453E-AF5A-6F202AFC64AE}.Release|Win32.ActiveCfg = Release|Win32
		{4521E166-934F-453E-AF5A-6F202AFC64AE}.Release|Win32.Build.0 = Release|Win32
	EndGlobalSection
	GlobalSection(SolutionProperties) = preSolution
		HideSolutionNode = FALSE
	EndGlobalSection
	GlobalSection(NestedProjects) = preSolution
		{6722ABE6-8F21-48CE-9BD0-248ECCEF3027} = {3B26843D-6DE1-4F51-884D-51BE9565DEC7}
		{35A27A55-9C88-47BE-AE03-153246EDB4D1} = {3B26843D-6DE1-4F51-884D-51BE9565DEC7}
	EndGlobalSection
EndGlobal
